Microsoft Visual Studio Solution File, Format Version 9.00
# Visual Studio 2005
Project("{F184B08F-C81C-45F6-A57F-5ABD9991F28F}") = "Q205054", "Q205054.vbproj", "{FCF70D93-79D4-4A5F-BB15-D52811F59669}"
EndProject
Global
	GlobalSection(SolutionConfigurationPlatforms) = preSolution
		Debug|Any CPU = Debug|Any CPU
		Release|Any CPU = Release|Any CPU
	EndGlobalSection
	GlobalSection(ProjectConfigurationPlatforms) = postSolution
		{FCF70D93-79D4-4A5F-BB15-D52811F59669}.Debug|Any CPU.ActiveCfg = Debug|Any CPU
		{FCF70D93-79D4-4A5F-BB15-D52811F59669}.Debug|Any CPU.Build.0 = Debug|Any CPU
		{FCF70D93-79D4-4A5F-BB15-D52811F59669}.Release|Any CPU.ActiveCfg = Release|Any CPU
		{FCF70D93-79D4-4A5F-BB15-D52811F59669}.Release|Any CPU.Build.0 = Release|Any CPU
	EndGlobalSection
	GlobalSection(SolutionProperties) = preSolution
		HideSolutionNode = FALSE
	EndGlobalSection
EndGlobal
